// !$*UTF8*$!
{
	archiveVersion = 1;
	classes = {
	};
	objectVersion = 47;
	objects = {

/* Begin PBXBuildFile section */
		1610D6AC1AF4E34600B09EAE /* Parser.m in Sources */ = {isa = PBXBuildFile; fileRef = 1610D6AB1AF4E34600B09EAE /* Parser.m */; };
		1610D6AF1AF4E3E000B09EAE /* TableViewCell.m in Sources */ = {isa = PBXBuildFile; fileRef = 1610D6AE1AF4E3E000B09EAE /* TableViewCell.m */; };
		1610D6BA1AF5426D00B09EAE /* SWRevealViewController.m in Sources */ = {isa = PBXBuildFile; fileRef = 1610D6B91AF5426D00B09EAE /* SWRevealViewController.m */; };
		1610D6BD1AF563D500B09EAE /* SidebarTableViewController.m in Sources */ = {isa = PBXBuildFile; fileRef = 1610D6BC1AF563D500B09EAE /* SidebarTableViewController.m */; };
		1610D6C01AF570D100B09EAE /* LienViewController.m in Sources */ = {isa = PBXBuildFile; fileRef = 1610D6BF1AF570D100B09EAE /* LienViewController.m */; };
		1610D6C21AF6188B00B09EAE /* NotificationViewController.m in Sources */ = {isa = PBXBuildFile; fileRef = 1610D6C11AF6188B00B09EAE /* NotificationViewController.m */; };
		1610D6C61AF6251000B09EAE /* ProposViewController.m in Sources */ = {isa = PBXBuildFile; fileRef = 1610D6C51AF6251000B09EAE /* ProposViewController.m */; };
		1611CB7A1E6C0BB000771B67 /* GoogleMobileAds.framework in Frameworks */ = {isa = PBXBuildFile; fileRef = 1611CB791E6C0BB000771B67 /* GoogleMobileAds.framework */; };
		1611CB7C1E6C3FB700771B67 /* GoogleService-Info.plist in Resources */ = {isa = PBXBuildFile; fileRef = 1611CB7B1E6C3FB700771B67 /* GoogleService-Info.plist */; };
		1633E9951A72571F005B63A6 /* main.m in Sources */ = {isa = PBXBuildFile; fileRef = 1633E9941A72571F005B63A6 /* main.m */; };
		1633E9981A72571F005B63A6 /* AppDelegate.m in Sources */ = {isa = PBXBuildFile; fileRef = 1633E9971A72571F005B63A6 /* AppDelegate.m */; };
		1633E99B1A72571F005B63A6 /* ListViewController.m in Sources */ = {isa = PBXBuildFile; fileRef = 1633E99A1A72571F005B63A6 /* ListViewController.m */; };
		1633E99E1A72571F005B63A6 /* Main.storyboard in Resources */ = {isa = PBXBuildFile; fileRef = 1633E99C1A72571F005B63A6 /* Main.storyboard */; };
		1633E9A31A72571F005B63A6 /* LaunchScreen.xib in Resources */ = {isa = PBXBuildFile; fileRef = 1633E9A11A72571F005B63A6 /* LaunchScreen.xib */; };
		1633E9AF1A725720005B63A6 /* Le_Pont_Chaban_Delmas_BordeauxTests.m in Sources */ = {isa = PBXBuildFile; fileRef = 1633E9AE1A725720005B63A6 /* Le_Pont_Chaban_Delmas_BordeauxTests.m */; };
		1648D8A01CD97126000C44B4 /* Images-2.xcassets in Resources */ = {isa = PBXBuildFile; fileRef = 1648D89F1CD97126000C44B4 /* Images-2.xcassets */; };
		1648D8A21CD97133000C44B4 /* Images.xcassets in Resources */ = {isa = PBXBuildFile; fileRef = 1648D8A11CD97132000C44B4 /* Images.xcassets */; };
		1698E2891E7B484B00B25C52 /* OneSignal.framework in Frameworks */ = {isa = PBXBuildFile; fileRef = 1698E2881E7B484B00B25C52 /* OneSignal.framework */; };
		169E16B31E6C6D800036F38B /* iAd.framework in Frameworks */ = {isa = PBXBuildFile; fileRef = 169E16B21E6C6D800036F38B /* iAd.framework */; };
		16A3681F1CE117D3008C3879 /* Default-568h@2x.png in Resources */ = {isa = PBXBuildFile; fileRef = 16A3681E1CE117D3008C3879 /* Default-568h@2x.png */; };
		16D244371B06674B006C5EBC /* SystemConfiguration.framework in Frameworks */ = {isa = PBXBuildFile; fileRef = 1633E9EA1A726A12005B63A6 /* SystemConfiguration.framework */; };
		16D244381B066757006C5EBC /* StoreKit.framework in Frameworks */ = {isa = PBXBuildFile; fileRef = 1633E9E81A726A04005B63A6 /* StoreKit.framework */; };
		16D244391B066761006C5EBC /* CoreTelephony.framework in Frameworks */ = {isa = PBXBuildFile; fileRef = 1633E9E41A72696A005B63A6 /* CoreTelephony.framework */; };
		16D2443A1B06676C006C5EBC /* CoreGraphics.framework in Frameworks */ = {isa = PBXBuildFile; fileRef = 1610D6DB1B02893400B09EAE /* CoreGraphics.framework */; };
		16D2443B1B066775006C5EBC /* AudioToolbox.framework in Frameworks */ = {isa = PBXBuildFile; fileRef = 1633E9DE1A726942005B63A6 /* AudioToolbox.framework */; };
		16D2443C1B066785006C5EBC /* MessageUI.framework in Frameworks */ = {isa = PBXBuildFile; fileRef = 1633E9E61A72697D005B63A6 /* MessageUI.framework */; };
		16D2443D1B06678F006C5EBC /* AVFoundation.framework in Frameworks */ = {isa = PBXBuildFile; fileRef = 1633E9E01A72694D005B63A6 /* AVFoundation.framework */; };
		16D2443E1B066799006C5EBC /* AdSupport.framework in Frameworks */ = {isa = PBXBuildFile; fileRef = 1633E9DC1A726936005B63A6 /* AdSupport.framework */; };
		16D2443F1B0667A1006C5EBC /* EventKitUI.framework in Frameworks */ = {isa = PBXBuildFile; fileRef = 1610D6D21B02856800B09EAE /* EventKitUI.framework */; };
		16D244401B0667AA006C5EBC /* EventKit.framework in Frameworks */ = {isa = PBXBuildFile; fileRef = 1610D6D01B02855300B09EAE /* EventKit.framework */; };
		22D75654114375A1263CE5A1 /* libPods-Le Pont Chaban Delmas Bordeaux.a in Frameworks */ = {isa = PBXBuildFile; fileRef = EC9FA6F93081917423A1B924 /* libPods-Le Pont Chaban Delmas Bordeaux.a */; };
		E548ACDEFC5B9AF9DC6B77B4 /* libPods-Le Pont Chaban Delmas BordeauxTests.a in Frameworks */ = {isa = PBXBuildFile; fileRef = 00159E5CAA702278C90F2FCD /* libPods-Le Pont Chaban Delmas BordeauxTests.a */; };
/* End PBXBuildFile section */

/* Begin PBXContainerItemProxy section */
		1633E9A91A725720005B63A6 /* PBXContainerItemProxy */ = {
			isa = PBXContainerItemProxy;
			containerPortal = 1633E9871A72571F005B63A6 /* Project object */;
			proxyType = 1;
			remoteGlobalIDString = 1633E98E1A72571F005B63A6;
			remoteInfo = "Le Pont Chaban Delmas Bordeaux";
		};
/* End PBXContainerItemProxy section */

/* Begin PBXCopyFilesBuildPhase section */
		163D5BAD1E7B35D200A5384D /* Embed App Extensions */ = {
			isa = PBXCopyFilesBuildPhase;
			buildActionMask = 2147483647;
			dstPath = "";
			dstSubfolderSpec = 13;
			files = (
			);
			name = "Embed App Extensions";
			runOnlyForDeploymentPostprocessing = 0;
		};
/* End PBXCopyFilesBuildPhase section */

/* Begin PBXFileReference section */
		00159E5CAA702278C90F2FCD /* libPods-Le Pont Chaban Delmas BordeauxTests.a */ = {isa = PBXFileReference; explicitFileType = archive.ar; includeInIndex = 0; path = "libPods-Le Pont Chaban Delmas BordeauxTests.a"; sourceTree = BUILT_PRODUCTS_DIR; };
		1364EAB8DA356848A9745B61 /* Pods-Le Pont Chaban Delmas BordeauxTests.release.xcconfig */ = {isa = PBXFileReference; includeInIndex = 1; lastKnownFileType = text.xcconfig; name = "Pods-Le Pont Chaban Delmas BordeauxTests.release.xcconfig"; path = "Pods/Target Support Files/Pods-Le Pont Chaban Delmas BordeauxTests/Pods-Le Pont Chaban Delmas BordeauxTests.release.xcconfig"; sourceTree = "<group>"; };
		1610D6A81AF4E2B600B09EAE /* Parser.h */ = {isa = PBXFileReference; lastKnownFileType = sourcecode.c.h; path = Parser.h; sourceTree = "<group>"; };
		1610D6AB1AF4E34600B09EAE /* Parser.m */ = {isa = PBXFileReference; fileEncoding = 4; lastKnownFileType = sourcecode.c.objc; path = Parser.m; sourceTree = "<group>"; };
		1610D6AD1AF4E3A900B09EAE /* TableViewCell.h */ = {isa = PBXFileReference; lastKnownFileType = sourcecode.c.h; path = TableViewCell.h; sourceTree = "<group>"; };
		1610D6AE1AF4E3E000B09EAE /* TableViewCell.m */ = {isa = PBXFileReference; fileEncoding = 4; lastKnownFileType = sourcecode.c.objc; path = TableViewCell.m; sourceTree = "<group>"; };
		1610D6B11AF4EBF000B09EAE /* Foundation.framework */ = {isa = PBXFileReference; lastKnownFileType = wrapper.framework; name = Foundation.framework; path = System/Library/Frameworks/Foundation.framework; sourceTree = SDKROOT; };
		1610D6B81AF5421A00B09EAE /* SWRevealViewController.h */ = {isa = PBXFileReference; lastKnownFileType = sourcecode.c.h; path = SWRevealViewController.h; sourceTree = "<group>"; };
		1610D6B91AF5426D00B09EAE /* SWRevealViewController.m */ = {isa = PBXFileReference; fileEncoding = 4; lastKnownFileType = sourcecode.c.objc; path = SWRevealViewController.m; sourceTree = "<group>"; };
		1610D6BB1AF563B400B09EAE /* SidebarTableViewController.h */ = {isa = PBXFileReference; lastKnownFileType = sourcecode.c.h; name = SidebarTableViewController.h; path = ../SidebarTableViewController.h; sourceTree = "<group>"; };
		1610D6BC1AF563D500B09EAE /* SidebarTableViewController.m */ = {isa = PBXFileReference; fileEncoding = 4; lastKnownFileType = sourcecode.c.objc; name = SidebarTableViewController.m; path = ../SidebarTableViewController.m; sourceTree = "<group>"; };
		1610D6BE1AF570B700B09EAE /* LienViewController.h */ = {isa = PBXFileReference; lastKnownFileType = sourcecode.c.h; path = LienViewController.h; sourceTree = "<group>"; };
		1610D6BF1AF570D100B09EAE /* LienViewController.m */ = {isa = PBXFileReference; fileEncoding = 4; lastKnownFileType = sourcecode.c.objc; path = LienViewController.m; sourceTree = "<group>"; };
		1610D6C11AF6188B00B09EAE /* NotificationViewController.m */ = {isa = PBXFileReference; fileEncoding = 4; lastKnownFileType = sourcecode.c.objc; path = NotificationViewController.m; sourceTree = "<group>"; };
		1610D6C31AF618DC00B09EAE /* NotificationViewController.h */ = {isa = PBXFileReference; lastKnownFileType = sourcecode.c.h; path = NotificationViewController.h; sourceTree = "<group>"; };
		1610D6C41AF624E800B09EAE /* ProposViewController.h */ = {isa = PBXFileReference; lastKnownFileType = sourcecode.c.h; path = ProposViewController.h; sourceTree = "<group>"; };
		1610D6C51AF6251000B09EAE /* ProposViewController.m */ = {isa = PBXFileReference; fileEncoding = 4; lastKnownFileType = sourcecode.c.objc; path = ProposViewController.m; sourceTree = "<group>"; };
		1610D6D01B02855300B09EAE /* EventKit.framework */ = {isa = PBXFileReference; lastKnownFileType = wrapper.framework; name = EventKit.framework; path = System/Library/Frameworks/EventKit.framework; sourceTree = SDKROOT; };
		1610D6D21B02856800B09EAE /* EventKitUI.framework */ = {isa = PBXFileReference; lastKnownFileType = wrapper.framework; name = EventKitUI.framework; path = System/Library/Frameworks/EventKitUI.framework; sourceTree = SDKROOT; };
		1610D6DB1B02893400B09EAE /* CoreGraphics.framework */ = {isa = PBXFileReference; lastKnownFileType = wrapper.framework; name = CoreGraphics.framework; path = System/Library/Frameworks/CoreGraphics.framework; sourceTree = SDKROOT; };
		1611CB791E6C0BB000771B67 /* GoogleMobileAds.framework */ = {isa = PBXFileReference; lastKnownFileType = wrapper.framework; path = GoogleMobileAds.framework; sourceTree = "<group>"; };
		1611CB7B1E6C3FB700771B67 /* GoogleService-Info.plist */ = {isa = PBXFileReference; fileEncoding = 4; lastKnownFileType = text.plist.xml; name = "GoogleService-Info.plist"; path = "Le Pont Chaban Delmas Bordeaux/GoogleService-Info.plist"; sourceTree = "<group>"; };
		1633E98F1A72571F005B63A6 /* Le Pont Chaban Delmas Bordeaux.app */ = {isa = PBXFileReference; explicitFileType = wrapper.application; includeInIndex = 0; path = "Le Pont Chaban Delmas Bordeaux.app"; sourceTree = BUILT_PRODUCTS_DIR; };
		1633E9931A72571F005B63A6 /* Info.plist */ = {isa = PBXFileReference; lastKnownFileType = text.plist.xml; path = Info.plist; sourceTree = "<group>"; };
		1633E9941A72571F005B63A6 /* main.m */ = {isa = PBXFileReference; lastKnownFileType = sourcecode.c.objc; path = main.m; sourceTree = "<group>"; };
		1633E9961A72571F005B63A6 /* AppDelegate.h */ = {isa = PBXFileReference; lastKnownFileType = sourcecode.c.h; path = AppDelegate.h; sourceTree = "<group>"; };
		1633E9971A72571F005B63A6 /* AppDelegate.m */ = {isa = PBXFileReference; lastKnownFileType = sourcecode.c.objc; path = AppDelegate.m; sourceTree = "<group>"; };
		1633E9991A72571F005B63A6 /* ListViewController.h */ = {isa = PBXFileReference; lastKnownFileType = sourcecode.c.h; path = ListViewController.h; sourceTree = "<group>"; };
		1633E99A1A72571F005B63A6 /* ListViewController.m */ = {isa = PBXFileReference; lastKnownFileType = sourcecode.c.objc; path = ListViewController.m; sourceTree = "<group>"; };
		1633E99D1A72571F005B63A6 /* Base */ = {isa = PBXFileReference; lastKnownFileType = file.storyboard; name = Base; path = Base.lproj/Main.storyboard; sourceTree = "<group>"; };
		1633E9A21A72571F005B63A6 /* Base */ = {isa = PBXFileReference; lastKnownFileType = file.xib; name = Base; path = Base.lproj/LaunchScreen.xib; sourceTree = "<group>"; };
		1633E9A81A725720005B63A6 /* Le Pont Chaban Delmas BordeauxTests.xctest */ = {isa = PBXFileReference; explicitFileType = wrapper.cfbundle; includeInIndex = 0; path = "Le Pont Chaban Delmas BordeauxTests.xctest"; sourceTree = BUILT_PRODUCTS_DIR; };
		1633E9AD1A725720005B63A6 /* Info.plist */ = {isa = PBXFileReference; lastKnownFileType = text.plist.xml; path = Info.plist; sourceTree = "<group>"; };
		1633E9AE1A725720005B63A6 /* Le_Pont_Chaban_Delmas_BordeauxTests.m */ = {isa = PBXFileReference; lastKnownFileType = sourcecode.c.objc; path = Le_Pont_Chaban_Delmas_BordeauxTests.m; sourceTree = "<group>"; };
		1633E9DC1A726936005B63A6 /* AdSupport.framework */ = {isa = PBXFileReference; lastKnownFileType = wrapper.framework; name = AdSupport.framework; path = System/Library/Frameworks/AdSupport.framework; sourceTree = SDKROOT; };
		1633E9DE1A726942005B63A6 /* AudioToolbox.framework */ = {isa = PBXFileReference; lastKnownFileType = wrapper.framework; name = AudioToolbox.framework; path = System/Library/Frameworks/AudioToolbox.framework; sourceTree = SDKROOT; };
		1633E9E01A72694D005B63A6 /* AVFoundation.framework */ = {isa = PBXFileReference; lastKnownFileType = wrapper.framework; name = AVFoundation.framework; path = System/Library/Frameworks/AVFoundation.framework; sourceTree = SDKROOT; };
		1633E9E21A72695B005B63A6 /* CoreFoundation.framework */ = {isa = PBXFileReference; lastKnownFileType = wrapper.framework; name = CoreFoundation.framework; path = System/Library/Frameworks/CoreFoundation.framework; sourceTree = SDKROOT; };
		1633E9E41A72696A005B63A6 /* CoreTelephony.framework */ = {isa = PBXFileReference; lastKnownFileType = wrapper.framework; name = CoreTelephony.framework; path = System/Library/Frameworks/CoreTelephony.framework; sourceTree = SDKROOT; };
		1633E9E61A72697D005B63A6 /* MessageUI.framework */ = {isa = PBXFileReference; lastKnownFileType = wrapper.framework; name = MessageUI.framework; path = System/Library/Frameworks/MessageUI.framework; sourceTree = SDKROOT; };
		1633E9E81A726A04005B63A6 /* StoreKit.framework */ = {isa = PBXFileReference; lastKnownFileType = wrapper.framework; name = StoreKit.framework; path = System/Library/Frameworks/StoreKit.framework; sourceTree = SDKROOT; };
		1633E9EA1A726A12005B63A6 /* SystemConfiguration.framework */ = {isa = PBXFileReference; lastKnownFileType = wrapper.framework; name = SystemConfiguration.framework; path = System/Library/Frameworks/SystemConfiguration.framework; sourceTree = SDKROOT; };
		1648D89F1CD97126000C44B4 /* Images-2.xcassets */ = {isa = PBXFileReference; lastKnownFileType = folder.assetcatalog; path = "Images-2.xcassets"; sourceTree = "<group>"; };
		1648D8A11CD97132000C44B4 /* Images.xcassets */ = {isa = PBXFileReference; lastKnownFileType = folder.assetcatalog; path = Images.xcassets; sourceTree = "<group>"; };
		168ACC241E6CB706009A8ACA /* Le Pont Chaban Delmas Bordeaux.entitlements */ = {isa = PBXFileReference; lastKnownFileType = text.plist.entitlements; path = "Le Pont Chaban Delmas Bordeaux.entitlements"; sourceTree = "<group>"; };
		1698E2881E7B484B00B25C52 /* OneSignal.framework */ = {isa = PBXFileReference; lastKnownFileType = wrapper.framework; name = OneSignal.framework; path = Pods/OneSignal/iOS_SDK/OneSignalSDK/Framework/OneSignal.framework; sourceTree = "<group>"; };
		169E16B21E6C6D800036F38B /* iAd.framework */ = {isa = PBXFileReference; lastKnownFileType = wrapper.framework; name = iAd.framework; path = System/Library/Frameworks/iAd.framework; sourceTree = SDKROOT; };
		16A3681E1CE117D3008C3879 /* Default-568h@2x.png */ = {isa = PBXFileReference; lastKnownFileType = image.png; path = "Default-568h@2x.png"; sourceTree = "<group>"; };
		4672CC9AD3E2772B5DB9CD73 /* Pods-Le Pont Chaban Delmas Bordeaux-OneSignalNotificationServiceExtension.release.xcconfig */ = {isa = PBXFileReference; includeInIndex = 1; lastKnownFileType = text.xcconfig; name = "Pods-Le Pont Chaban Delmas Bordeaux-OneSignalNotificationServiceExtension.release.xcconfig"; path = "Pods/Target Support Files/Pods-Le Pont Chaban Delmas Bordeaux-OneSignalNotificationServiceExtension/Pods-Le Pont Chaban Delmas Bordeaux-OneSignalNotificationServiceExtension.release.xcconfig"; sourceTree = "<group>"; };
		8F5E65F2E3FFFFF66DF69B33 /* Pods-Le Pont Chaban Delmas Bordeaux-OneSignalNotificationServiceExtension.debug.xcconfig */ = {isa = PBXFileReference; includeInIndex = 1; lastKnownFileType = text.xcconfig; name = "Pods-Le Pont Chaban Delmas Bordeaux-OneSignalNotificationServiceExtension.debug.xcconfig"; path = "Pods/Target Support Files/Pods-Le Pont Chaban Delmas Bordeaux-OneSignalNotificationServiceExtension/Pods-Le Pont Chaban Delmas Bordeaux-OneSignalNotificationServiceExtension.debug.xcconfig"; sourceTree = "<group>"; };
		C52EB04C1A01346675FE46D7 /* Pods-Le Pont Chaban Delmas BordeauxTests.debug.xcconfig */ = {isa = PBXFileReference; includeInIndex = 1; lastKnownFileType = text.xcconfig; name = "Pods-Le Pont Chaban Delmas BordeauxTests.debug.xcconfig"; path = "Pods/Target Support Files/Pods-Le Pont Chaban Delmas BordeauxTests/Pods-Le Pont Chaban Delmas BordeauxTests.debug.xcconfig"; sourceTree = "<group>"; };
		E6706EDDAB12FB522ADCA424 /* libPods-Le Pont Chaban Delmas Bordeaux-OneSignalNotificationServiceExtension.a */ = {isa = PBXFileReference; explicitFileType = archive.ar; includeInIndex = 0; path = "libPods-Le Pont Chaban Delmas Bordeaux-OneSignalNotificationServiceExtension.a"; sourceTree = BUILT_PRODUCTS_DIR; };
		EC9FA6F93081917423A1B924 /* libPods-Le Pont Chaban Delmas Bordeaux.a */ = {isa = PBXFileReference; explicitFileType = archive.ar; includeInIndex = 0; path = "libPods-Le Pont Chaban Delmas Bordeaux.a"; sourceTree = BUILT_PRODUCTS_DIR; };
		F12BFDC999509A68CC99F055 /* Pods-Le Pont Chaban Delmas Bordeaux.debug.xcconfig */ = {isa = PBXFileReference; includeInIndex = 1; lastKnownFileType = text.xcconfig; name = "Pods-Le Pont Chaban Delmas Bordeaux.debug.xcconfig"; path = "Pods/Target Support Files/Pods-Le Pont Chaban Delmas Bordeaux/Pods-Le Pont Chaban Delmas Bordeaux.debug.xcconfig"; sourceTree = "<group>"; };
		F516E4BEF6A16023F9D251B6 /* Pods-Le Pont Chaban Delmas Bordeaux.release.xcconfig */ = {isa = PBXFileReference; includeInIndex = 1; lastKnownFileType = text.xcconfig; name = "Pods-Le Pont Chaban Delmas Bordeaux.release.xcconfig"; path = "Pods/Target Support Files/Pods-Le Pont Chaban Delmas Bordeaux/Pods-Le Pont Chaban Delmas Bordeaux.release.xcconfig"; sourceTree = "<group>"; };
/* End PBXFileReference section */

/* Begin PBXFrameworksBuildPhase section */
		1633E98C1A72571F005B63A6 /* Frameworks */ = {
			isa = PBXFrameworksBuildPhase;
			buildActionMask = 2147483647;
			files = (
				169E16B31E6C6D800036F38B /* iAd.framework in Frameworks */,
				16D244401B0667AA006C5EBC /* EventKit.framework in Frameworks */,
				1611CB7A1E6C0BB000771B67 /* GoogleMobileAds.framework in Frameworks */,
				16D2443F1B0667A1006C5EBC /* EventKitUI.framework in Frameworks */,
				16D2443E1B066799006C5EBC /* AdSupport.framework in Frameworks */,
				16D2443D1B06678F006C5EBC /* AVFoundation.framework in Frameworks */,
				16D2443C1B066785006C5EBC /* MessageUI.framework in Frameworks */,
				16D2443B1B066775006C5EBC /* AudioToolbox.framework in Frameworks */,
				16D2443A1B06676C006C5EBC /* CoreGraphics.framework in Frameworks */,
				16D244391B066761006C5EBC /* CoreTelephony.framework in Frameworks */,
				16D244381B066757006C5EBC /* StoreKit.framework in Frameworks */,
				1698E2891E7B484B00B25C52 /* OneSignal.framework in Frameworks */,
				16D244371B06674B006C5EBC /* SystemConfiguration.framework in Frameworks */,
				22D75654114375A1263CE5A1 /* libPods-Le Pont Chaban Delmas Bordeaux.a in Frameworks */,
			);
			runOnlyForDeploymentPostprocessing = 0;
		};
		1633E9A51A725720005B63A6 /* Frameworks */ = {
			isa = PBXFrameworksBuildPhase;
			buildActionMask = 2147483647;
			files = (
				E548ACDEFC5B9AF9DC6B77B4 /* libPods-Le Pont Chaban Delmas BordeauxTests.a in Frameworks */,
			);
			runOnlyForDeploymentPostprocessing = 0;
		};
/* End PBXFrameworksBuildPhase section */

/* Begin PBXGroup section */
		1610D6A71AF4E27F00B09EAE /* Parser */ = {
			isa = PBXGroup;
			children = (
				1610D6A81AF4E2B600B09EAE /* Parser.h */,
				1610D6AB1AF4E34600B09EAE /* Parser.m */,
			);
			name = Parser;
			sourceTree = "<group>";
		};
		1610D6B01AF4EB8900B09EAE /* Frameworks */ = {
			isa = PBXGroup;
			children = (
				1698E2881E7B484B00B25C52 /* OneSignal.framework */,
				169E16B21E6C6D800036F38B /* iAd.framework */,
				1610D6DB1B02893400B09EAE /* CoreGraphics.framework */,
				1610D6D21B02856800B09EAE /* EventKitUI.framework */,
				1610D6D01B02855300B09EAE /* EventKit.framework */,
				1633E9EA1A726A12005B63A6 /* SystemConfiguration.framework */,
				1610D6B11AF4EBF000B09EAE /* Foundation.framework */,
				1633E9DC1A726936005B63A6 /* AdSupport.framework */,
				1633E9DE1A726942005B63A6 /* AudioToolbox.framework */,
				1633E9E01A72694D005B63A6 /* AVFoundation.framework */,
				1633E9E21A72695B005B63A6 /* CoreFoundation.framework */,
				1633E9E41A72696A005B63A6 /* CoreTelephony.framework */,
				1633E9E61A72697D005B63A6 /* MessageUI.framework */,
				1633E9E81A726A04005B63A6 /* StoreKit.framework */,
				EC9FA6F93081917423A1B924 /* libPods-Le Pont Chaban Delmas Bordeaux.a */,
				00159E5CAA702278C90F2FCD /* libPods-Le Pont Chaban Delmas BordeauxTests.a */,
				E6706EDDAB12FB522ADCA424 /* libPods-Le Pont Chaban Delmas Bordeaux-OneSignalNotificationServiceExtension.a */,
			);
			name = Frameworks;
			sourceTree = "<group>";
		};
		1610D6B71AF541F700B09EAE /* SWRevealViewController */ = {
			isa = PBXGroup;
			children = (
				1610D6B81AF5421A00B09EAE /* SWRevealViewController.h */,
				1610D6B91AF5426D00B09EAE /* SWRevealViewController.m */,
			);
			name = SWRevealViewController;
			sourceTree = "<group>";
		};
		1633E9861A72571F005B63A6 = {
			isa = PBXGroup;
			children = (
				1611CB7B1E6C3FB700771B67 /* GoogleService-Info.plist */,
				1611CB791E6C0BB000771B67 /* GoogleMobileAds.framework */,
				16A3681E1CE117D3008C3879 /* Default-568h@2x.png */,
				1610D6B01AF4EB8900B09EAE /* Frameworks */,
				1610D6A71AF4E27F00B09EAE /* Parser */,
				1633E9911A72571F005B63A6 /* Le Pont Chaban Delmas Bordeaux */,
				1633E9AB1A725720005B63A6 /* Le Pont Chaban Delmas BordeauxTests */,
				1633E9901A72571F005B63A6 /* Products */,
				5B874C5E124D123214F01211 /* Pods */,
			);
			sourceTree = "<group>";
		};
		1633E9901A72571F005B63A6 /* Products */ = {
			isa = PBXGroup;
			children = (
				1633E98F1A72571F005B63A6 /* Le Pont Chaban Delmas Bordeaux.app */,
				1633E9A81A725720005B63A6 /* Le Pont Chaban Delmas BordeauxTests.xctest */,
			);
			name = Products;
			sourceTree = "<group>";
		};
		1633E9911A72571F005B63A6 /* Le Pont Chaban Delmas Bordeaux */ = {
			isa = PBXGroup;
			children = (
				168ACC241E6CB706009A8ACA /* Le Pont Chaban Delmas Bordeaux.entitlements */,
				1648D89F1CD97126000C44B4 /* Images-2.xcassets */,
				1648D8A11CD97132000C44B4 /* Images.xcassets */,
				1648D89E1CD9711B000C44B4 /* AppIcon.appiconset */,
				1610D6BF1AF570D100B09EAE /* LienViewController.m */,
				1610D6C11AF6188B00B09EAE /* NotificationViewController.m */,
				1610D6C31AF618DC00B09EAE /* NotificationViewController.h */,
				1610D6BE1AF570B700B09EAE /* LienViewController.h */,
				1610D6BB1AF563B400B09EAE /* SidebarTableViewController.h */,
				1610D6BC1AF563D500B09EAE /* SidebarTableViewController.m */,
				1610D6B71AF541F700B09EAE /* SWRevealViewController */,
				1610D6AD1AF4E3A900B09EAE /* TableViewCell.h */,
				1610D6AE1AF4E3E000B09EAE /* TableViewCell.m */,
				1633E9961A72571F005B63A6 /* AppDelegate.h */,
				1633E9971A72571F005B63A6 /* AppDelegate.m */,
				1633E9991A72571F005B63A6 /* ListViewController.h */,
				1633E99A1A72571F005B63A6 /* ListViewController.m */,
				1633E99C1A72571F005B63A6 /* Main.storyboard */,
				1610D6C41AF624E800B09EAE /* ProposViewController.h */,
				1610D6C51AF6251000B09EAE /* ProposViewController.m */,
				1633E9A11A72571F005B63A6 /* LaunchScreen.xib */,
				1633E9921A72571F005B63A6 /* Supporting Files */,
			);
			path = "Le Pont Chaban Delmas Bordeaux";
			sourceTree = "<group>";
		};
		1633E9921A72571F005B63A6 /* Supporting Files */ = {
			isa = PBXGroup;
			children = (
				1633E9931A72571F005B63A6 /* Info.plist */,
				1633E9941A72571F005B63A6 /* main.m */,
			);
			name = "Supporting Files";
			sourceTree = "<group>";
		};
		1633E9AB1A725720005B63A6 /* Le Pont Chaban Delmas BordeauxTests */ = {
			isa = PBXGroup;
			children = (
				1633E9AE1A725720005B63A6 /* Le_Pont_Chaban_Delmas_BordeauxTests.m */,
				1633E9AC1A725720005B63A6 /* Supporting Files */,
			);
			path = "Le Pont Chaban Delmas BordeauxTests";
			sourceTree = "<group>";
		};
		1633E9AC1A725720005B63A6 /* Supporting Files */ = {
			isa = PBXGroup;
			children = (
				1633E9AD1A725720005B63A6 /* Info.plist */,
			);
			name = "Supporting Files";
			sourceTree = "<group>";
		};
		1648D89E1CD9711B000C44B4 /* AppIcon.appiconset */ = {
			isa = PBXGroup;
			children = (
			);
			path = AppIcon.appiconset;
			sourceTree = "<group>";
		};
		5B874C5E124D123214F01211 /* Pods */ = {
			isa = PBXGroup;
			children = (
				F12BFDC999509A68CC99F055 /* Pods-Le Pont Chaban Delmas Bordeaux.debug.xcconfig */,
				F516E4BEF6A16023F9D251B6 /* Pods-Le Pont Chaban Delmas Bordeaux.release.xcconfig */,
				C52EB04C1A01346675FE46D7 /* Pods-Le Pont Chaban Delmas BordeauxTests.debug.xcconfig */,
				1364EAB8DA356848A9745B61 /* Pods-Le Pont Chaban Delmas BordeauxTests.release.xcconfig */,
				8F5E65F2E3FFFFF66DF69B33 /* Pods-Le Pont Chaban Delmas Bordeaux-OneSignalNotificationServiceExtension.debug.xcconfig */,
				4672CC9AD3E2772B5DB9CD73 /* Pods-Le Pont Chaban Delmas Bordeaux-OneSignalNotificationServiceExtension.release.xcconfig */,
			);
			name = Pods;
			sourceTree = "<group>";
		};
/* End PBXGroup section */

/* Begin PBXNativeTarget section */
		1633E98E1A72571F005B63A6 /* Le Pont Chaban Delmas Bordeaux */ = {
			isa = PBXNativeTarget;
			buildConfigurationList = 1633E9B21A725720005B63A6 /* Build configuration list for PBXNativeTarget "Le Pont Chaban Delmas Bordeaux" */;
			buildPhases = (
				225DFE54E6CE129338AEF98B /* [CP] Check Pods Manifest.lock */,
				1633E98B1A72571F005B63A6 /* Sources */,
				1633E98C1A72571F005B63A6 /* Frameworks */,
				1633E98D1A72571F005B63A6 /* Resources */,
				D3DF94ADFEA71CCAD3E7A80E /* [CP] Embed Pods Frameworks */,
				B7706AA860FCBAC3DCCA1A88 /* [CP] Copy Pods Resources */,
				163D5BAD1E7B35D200A5384D /* Embed App Extensions */,
			);
			buildRules = (
			);
			dependencies = (
			);
			name = "Le Pont Chaban Delmas Bordeaux";
			productName = "Le Pont Chaban Delmas Bordeaux";
			productReference = 1633E98F1A72571F005B63A6 /* Le Pont Chaban Delmas Bordeaux.app */;
			productType = "com.apple.product-type.application";
		};
		1633E9A71A725720005B63A6 /* Le Pont Chaban Delmas BordeauxTests */ = {
			isa = PBXNativeTarget;
			buildConfigurationList = 1633E9B51A725720005B63A6 /* Build configuration list for PBXNativeTarget "Le Pont Chaban Delmas BordeauxTests" */;
			buildPhases = (
				735326B4ADCE64C0DD440230 /* [CP] Check Pods Manifest.lock */,
				1633E9A41A725720005B63A6 /* Sources */,
				1633E9A51A725720005B63A6 /* Frameworks */,
				1633E9A61A725720005B63A6 /* Resources */,
				6F592216AF5644633526C4C9 /* [CP] Embed Pods Frameworks */,
				8C8EBC9BF0E7E6A5FFF257CF /* [CP] Copy Pods Resources */,
			);
			buildRules = (
			);
			dependencies = (
				1633E9AA1A725720005B63A6 /* PBXTargetDependency */,
			);
			name = "Le Pont Chaban Delmas BordeauxTests";
			productName = "Le Pont Chaban Delmas BordeauxTests";
			productReference = 1633E9A81A725720005B63A6 /* Le Pont Chaban Delmas BordeauxTests.xctest */;
			productType = "com.apple.product-type.bundle.unit-test";
		};
/* End PBXNativeTarget section */

/* Begin PBXProject section */
		1633E9871A72571F005B63A6 /* Project object */ = {
			isa = PBXProject;
			attributes = {
				LastUpgradeCheck = 0800;
				ORGANIZATIONNAME = "Italik Design";
				TargetAttributes = {
					1633E98E1A72571F005B63A6 = {
						CreatedOnToolsVersion = 6.1.1;
						DevelopmentTeam = P28L6TZ54T;
						ProvisioningStyle = Automatic;
						SystemCapabilities = {
							com.apple.BackgroundModes = {
								enabled = 1;
							};
							com.apple.Push = {
								enabled = 1;
							};
						};
					};
					1633E9A71A725720005B63A6 = {
						CreatedOnToolsVersion = 6.1.1;
						DevelopmentTeam = P28L6TZ54T;
						ProvisioningStyle = Manual;
						TestTargetID = 1633E98E1A72571F005B63A6;
					};
				};
			};
			buildConfigurationList = 1633E98A1A72571F005B63A6 /* Build configuration list for PBXProject "Le Pont Chaban Delmas Bordeaux" */;
			compatibilityVersion = "Xcode 6.3";
			developmentRegion = English;
			hasScannedForEncodings = 0;
			knownRegions = (
				en,
				Base,
			);
			mainGroup = 1633E9861A72571F005B63A6;
			productRefGroup = 1633E9901A72571F005B63A6 /* Products */;
			projectDirPath = "";
			projectRoot = "";
			targets = (
				1633E98E1A72571F005B63A6 /* Le Pont Chaban Delmas Bordeaux */,
				1633E9A71A725720005B63A6 /* Le Pont Chaban Delmas BordeauxTests */,
			);
		};
/* End PBXProject section */

/* Begin PBXResourcesBuildPhase section */
		1633E98D1A72571F005B63A6 /* Resources */ = {
			isa = PBXResourcesBuildPhase;
			buildActionMask = 2147483647;
			files = (
				1648D8A01CD97126000C44B4 /* Images-2.xcassets in Resources */,
				1648D8A21CD97133000C44B4 /* Images.xcassets in Resources */,
				1633E99E1A72571F005B63A6 /* Main.storyboard in Resources */,
				16A3681F1CE117D3008C3879 /* Default-568h@2x.png in Resources */,
				1633E9A31A72571F005B63A6 /* LaunchScreen.xib in Resources */,
				1611CB7C1E6C3FB700771B67 /* GoogleService-Info.plist in Resources */,
			);
			runOnlyForDeploymentPostprocessing = 0;
		};
		1633E9A61A725720005B63A6 /* Resources */ = {
			isa = PBXResourcesBuildPhase;
			buildActionMask = 2147483647;
			files = (
			);
			runOnlyForDeploymentPostprocessing = 0;
		};
/* End PBXResourcesBuildPhase section */

/* Begin PBXShellScriptBuildPhase section */
		225DFE54E6CE129338AEF98B /* [CP] Check Pods Manifest.lock */ = {
			isa = PBXShellScriptBuildPhase;
			buildActionMask = 2147483647;
			files = (
			);
			inputPaths = (
			);
			name = "[CP] Check Pods Manifest.lock";
			outputPaths = (
			);
			runOnlyForDeploymentPostprocessing = 0;
			shellPath = /bin/sh;
			shellScript = "diff \"${PODS_ROOT}/../Podfile.lock\" \"${PODS_ROOT}/Manifest.lock\" > /dev/null\nif [ $? != 0 ] ; then\n    # print error to STDERR\n    echo \"error: The sandbox is not in sync with the Podfile.lock. Run 'pod install' or update your CocoaPods installation.\" >&2\n    exit 1\nfi\n";
			showEnvVarsInLog = 0;
		};
		6F592216AF5644633526C4C9 /* [CP] Embed Pods Frameworks */ = {
			isa = PBXShellScriptBuildPhase;
			buildActionMask = 2147483647;
			files = (
			);
			inputPaths = (
			);
			name = "[CP] Embed Pods Frameworks";
			outputPaths = (
			);
			runOnlyForDeploymentPostprocessing = 0;
			shellPath = /bin/sh;
			shellScript = "\"${SRCROOT}/Pods/Target Support Files/Pods-Le Pont Chaban Delmas BordeauxTests/Pods-Le Pont Chaban Delmas BordeauxTests-frameworks.sh\"\n";
			showEnvVarsInLog = 0;
		};
		735326B4ADCE64C0DD440230 /* [CP] Check Pods Manifest.lock */ = {
			isa = PBXShellScriptBuildPhase;
			buildActionMask = 2147483647;
			files = (
			);
			inputPaths = (
			);
			name = "[CP] Check Pods Manifest.lock";
			outputPaths = (
			);
			runOnlyForDeploymentPostprocessing = 0;
			shellPath = /bin/sh;
			shellScript = "diff \"${PODS_ROOT}/../Podfile.lock\" \"${PODS_ROOT}/Manifest.lock\" > /dev/null\nif [ $? != 0 ] ; then\n    # print error to STDERR\n    echo \"error: The sandbox is not in sync with the Podfile.lock. Run 'pod install' or update your CocoaPods installation.\" >&2\n    exit 1\nfi\n";
			showEnvVarsInLog = 0;
		};
		8C8EBC9BF0E7E6A5FFF257CF /* [CP] Copy Pods Resources */ = {
			isa = PBXShellScriptBuildPhase;
			buildActionMask = 2147483647;
			files = (
			);
			inputPaths = (
			);
			name = "[CP] Copy Pods Resources";
			outputPaths = (
			);
			runOnlyForDeploymentPostprocessing = 0;
			shellPath = /bin/sh;
			shellScript = "\"${SRCROOT}/Pods/Target Support Files/Pods-Le Pont Chaban Delmas BordeauxTests/Pods-Le Pont Chaban Delmas BordeauxTests-resources.sh\"\n";
			showEnvVarsInLog = 0;
		};
		B7706AA860FCBAC3DCCA1A88 /* [CP] Copy Pods Resources */ = {
			isa = PBXShellScriptBuildPhase;
			buildActionMask = 2147483647;
			files = (
			);
			inputPaths = (
			);
			name = "[CP] Copy Pods Resources";
			outputPaths = (
			);
			runOnlyForDeploymentPostprocessing = 0;
			shellPath = /bin/sh;
			shellScript = "\"${SRCROOT}/Pods/Target Support Files/Pods-Le Pont Chaban Delmas Bordeaux/Pods-Le Pont Chaban Delmas Bordeaux-resources.sh\"\n";
			showEnvVarsInLog = 0;
		};
		D3DF94ADFEA71CCAD3E7A80E /* [CP] Embed Pods Frameworks */ = {
			isa = PBXShellScriptBuildPhase;
			buildActionMask = 2147483647;
			files = (
			);
			inputPaths = (
			);
			name = "[CP] Embed Pods Frameworks";
			outputPaths = (
			);
			runOnlyForDeploymentPostprocessing = 0;
			shellPath = /bin/sh;
			shellScript = "\"${SRCROOT}/Pods/Target Support Files/Pods-Le Pont Chaban Delmas Bordeaux/Pods-Le Pont Chaban Delmas Bordeaux-frameworks.sh\"\n";
			showEnvVarsInLog = 0;
		};
/* End PBXShellScriptBuildPhase section */

/* Begin PBXSourcesBuildPhase section */
		1633E98B1A72571F005B63A6 /* Sources */ = {
			isa = PBXSourcesBuildPhase;
			buildActionMask = 2147483647;
			files = (
				1610D6AC1AF4E34600B09EAE /* Parser.m in Sources */,
				1610D6C61AF6251000B09EAE /* ProposViewController.m in Sources */,
				1633E99B1A72571F005B63A6 /* ListViewController.m in Sources */,
				1633E9981A72571F005B63A6 /* AppDelegate.m in Sources */,
				1610D6AF1AF4E3E000B09EAE /* TableViewCell.m in Sources */,
				1633E9951A72571F005B63A6 /* main.m in Sources */,
				1610D6C21AF6188B00B09EAE /* NotificationViewController.m in Sources */,
				1610D6BA1AF5426D00B09EAE /* SWRevealViewController.m in Sources */,
				1610D6C01AF570D100B09EAE /* LienViewController.m in Sources */,
				1610D6BD1AF563D500B09EAE /* SidebarTableViewController.m in Sources */,
			);
			runOnlyForDeploymentPostprocessing = 0;
		};
		1633E9A41A725720005B63A6 /* Sources */ = {
			isa = PBXSourcesBuildPhase;
			buildActionMask = 2147483647;
			files = (
				1633E9AF1A725720005B63A6 /* Le_Pont_Chaban_Delmas_BordeauxTests.m in Sources */,
			);
			runOnlyForDeploymentPostprocessing = 0;
		};
/* End PBXSourcesBuildPhase section */

/* Begin PBXTargetDependency section */
		1633E9AA1A725720005B63A6 /* PBXTargetDependency */ = {
			isa = PBXTargetDependency;
			target = 1633E98E1A72571F005B63A6 /* Le Pont Chaban Delmas Bordeaux */;
			targetProxy = 1633E9A91A725720005B63A6 /* PBXContainerItemProxy */;
		};
/* End PBXTargetDependency section */

/* Begin PBXVariantGroup section */
		1633E99C1A72571F005B63A6 /* Main.storyboard */ = {
			isa = PBXVariantGroup;
			children = (
				1633E99D1A72571F005B63A6 /* Base */,
			);
			name = Main.storyboard;
			sourceTree = "<group>";
		};
		1633E9A11A72571F005B63A6 /* LaunchScreen.xib */ = {
			isa = PBXVariantGroup;
			children = (
				1633E9A21A72571F005B63A6 /* Base */,
			);
			name = LaunchScreen.xib;
			sourceTree = "<group>";
		};
/* End PBXVariantGroup section */

/* Begin XCBuildConfiguration section */
		1633E9B01A725720005B63A6 /* Debug */ = {
			isa = XCBuildConfiguration;
			buildSettings = {
				ALWAYS_SEARCH_USER_PATHS = NO;
				CLANG_CXX_LANGUAGE_STANDARD = "gnu++0x";
				CLANG_CXX_LIBRARY = "libc++";
				CLANG_ENABLE_MODULES = YES;
				CLANG_ENABLE_OBJC_ARC = YES;
				CLANG_WARN_BOOL_CONVERSION = YES;
				CLANG_WARN_CONSTANT_CONVERSION = YES;
				CLANG_WARN_DIRECT_OBJC_ISA_USAGE = YES_ERROR;
				CLANG_WARN_EMPTY_BODY = YES;
				CLANG_WARN_ENUM_CONVERSION = YES;
				CLANG_WARN_INFINITE_RECURSION = YES;
				CLANG_WARN_INT_CONVERSION = YES;
				CLANG_WARN_OBJC_ROOT_CLASS = YES_ERROR;
				CLANG_WARN_SUSPICIOUS_MOVE = YES;
				CLANG_WARN_UNREACHABLE_CODE = YES;
				CLANG_WARN__DUPLICATE_METHOD_MATCH = YES;
				CODE_SIGN_IDENTITY = "iPhone Distribution: Marlene charlet (P28L6TZ54T)";
				"CODE_SIGN_IDENTITY[sdk=iphoneos*]" = "iPhone Distribution: Marlene charlet (P28L6TZ54T)";
				COPY_PHASE_STRIP = NO;
				DEVELOPMENT_TEAM = P28L6TZ54T;
				ENABLE_STRICT_OBJC_MSGSEND = YES;
				ENABLE_TESTABILITY = YES;
				GCC_C_LANGUAGE_STANDARD = gnu99;
				GCC_DYNAMIC_NO_PIC = NO;
				GCC_NO_COMMON_BLOCKS = YES;
				GCC_OPTIMIZATION_LEVEL = 0;
				GCC_PREPROCESSOR_DEFINITIONS = (
					"DEBUG=1",
					"$(inherited)",
				);
				GCC_SYMBOLS_PRIVATE_EXTERN = NO;
				GCC_WARN_64_TO_32_BIT_CONVERSION = YES;
				GCC_WARN_ABOUT_RETURN_TYPE = YES_ERROR;
				GCC_WARN_UNDECLARED_SELECTOR = YES;
				GCC_WARN_UNINITIALIZED_AUTOS = YES_AGGRESSIVE;
				GCC_WARN_UNUSED_FUNCTION = YES;
				GCC_WARN_UNUSED_VARIABLE = YES;
				IPHONEOS_DEPLOYMENT_TARGET = 8.1;
				MTL_ENABLE_DEBUG_INFO = YES;
				ONLY_ACTIVE_ARCH = YES;
				OTHER_LDFLAGS = "-ObjC";
				SDKROOT = iphoneos;
			};
			name = Debug;
		};
		1633E9B11A725720005B63A6 /* Release */ = {
			isa = XCBuildConfiguration;
			buildSettings = {
				ALWAYS_SEARCH_USER_PATHS = NO;
				CLANG_CXX_LANGUAGE_STANDARD = "gnu++0x";
				CLANG_CXX_LIBRARY = "libc++";
				CLANG_ENABLE_MODULES = YES;
				CLANG_ENABLE_OBJC_ARC = YES;
				CLANG_WARN_BOOL_CONVERSION = YES;
				CLANG_WARN_CONSTANT_CONVERSION = YES;
				CLANG_WARN_DIRECT_OBJC_ISA_USAGE = YES_ERROR;
				CLANG_WARN_EMPTY_BODY = YES;
				CLANG_WARN_ENUM_CONVERSION = YES;
				CLANG_WARN_INFINITE_RECURSION = YES;
				CLANG_WARN_INT_CONVERSION = YES;
				CLANG_WARN_OBJC_ROOT_CLASS = YES_ERROR;
				CLANG_WARN_SUSPICIOUS_MOVE = YES;
				CLANG_WARN_UNREACHABLE_CODE = YES;
				CLANG_WARN__DUPLICATE_METHOD_MATCH = YES;
				CODE_SIGN_IDENTITY = "iPhone Distribution: Marlene charlet (P28L6TZ54T)";
				"CODE_SIGN_IDENTITY[sdk=iphoneos*]" = "iPhone Distribution: Marlene charlet (P28L6TZ54T)";
				COPY_PHASE_STRIP = YES;
				DEVELOPMENT_TEAM = P28L6TZ54T;
				ENABLE_NS_ASSERTIONS = NO;
				ENABLE_STRICT_OBJC_MSGSEND = YES;
				GCC_C_LANGUAGE_STANDARD = gnu99;
				GCC_NO_COMMON_BLOCKS = YES;
				GCC_WARN_64_TO_32_BIT_CONVERSION = YES;
				GCC_WARN_ABOUT_RETURN_TYPE = YES_ERROR;
				GCC_WARN_UNDECLARED_SELECTOR = YES;
				GCC_WARN_UNINITIALIZED_AUTOS = YES_AGGRESSIVE;
				GCC_WARN_UNUSED_FUNCTION = YES;
				GCC_WARN_UNUSED_VARIABLE = YES;
				IPHONEOS_DEPLOYMENT_TARGET = 8.1;
				MTL_ENABLE_DEBUG_INFO = NO;
				OTHER_LDFLAGS = "-ObjC";
				SDKROOT = iphoneos;
				VALIDATE_PRODUCT = YES;
			};
			name = Release;
		};
		1633E9B31A725720005B63A6 /* Debug */ = {
			isa = XCBuildConfiguration;
			baseConfigurationReference = F12BFDC999509A68CC99F055 /* Pods-Le Pont Chaban Delmas Bordeaux.debug.xcconfig */;
			buildSettings = {
				ALWAYS_SEARCH_USER_PATHS = NO;
				ASSETCATALOG_COMPILER_APPICON_NAME = "AppIcon-2";
				CODE_SIGN_ENTITLEMENTS = "Le Pont Chaban Delmas Bordeaux/Le Pont Chaban Delmas Bordeaux.entitlements";
				CODE_SIGN_IDENTITY = "iPhone Developer";
				"CODE_SIGN_IDENTITY[sdk=iphoneos*]" = "iPhone Developer";
				DEVELOPMENT_TEAM = "";
				FRAMEWORK_SEARCH_PATHS = (
					"$(PROJECT_DIR)",
					"$(PROJECT_DIR)/Pods/OneSignal/iOS_SDK/Framework",
					"$(PROJECT_DIR)/Le\\ Pont\\ Chaban\\ Delmas\\ Bordeaux",
					"$(PROJECT_DIR)/Pods/OneSignal/iOS_SDK/OneSignalSDK/Framework",
				);
				INFOPLIST_FILE = "Le Pont Chaban Delmas Bordeaux/Info.plist";
				IPHONEOS_DEPLOYMENT_TARGET = 9.0;
				LD_RUNPATH_SEARCH_PATHS = "$(inherited) @executable_path/Frameworks";
				LIBRARY_SEARCH_PATHS = "$(PROJECT_DIR)";
				OTHER_LDFLAGS = "$(inherited)";
				PRODUCT_BUNDLE_IDENTIFIER = com.yourappnow.26488;
				PRODUCT_NAME = "$(TARGET_NAME)";
				PROVISIONING_PROFILE = "";
				PROVISIONING_PROFILE_SPECIFIER = "";
				TARGETED_DEVICE_FAMILY = 1;
			};
			name = Debug;
		};
		1633E9B41A725720005B63A6 /* Release */ = {
			isa = XCBuildConfiguration;
			baseConfigurationReference = F516E4BEF6A16023F9D251B6 /* Pods-Le Pont Chaban Delmas Bordeaux.release.xcconfig */;
			buildSettings = {
				ALWAYS_SEARCH_USER_PATHS = NO;
				ASSETCATALOG_COMPILER_APPICON_NAME = "AppIcon-2";
				CODE_SIGN_ENTITLEMENTS = "Le Pont Chaban Delmas Bordeaux/Le Pont Chaban Delmas Bordeaux.entitlements";
				CODE_SIGN_IDENTITY = "iPhone Developer";
				"CODE_SIGN_IDENTITY[sdk=iphoneos*]" = "iPhone Developer";
				DEVELOPMENT_TEAM = "";
				FRAMEWORK_SEARCH_PATHS = (
					"$(PROJECT_DIR)",
					"$(PROJECT_DIR)/Pods/OneSignal/iOS_SDK/Framework",
					"$(PROJECT_DIR)/Le\\ Pont\\ Chaban\\ Delmas\\ Bordeaux",
					"$(PROJECT_DIR)/Pods/OneSignal/iOS_SDK/OneSignalSDK/Framework",
				);
				INFOPLIST_FILE = "Le Pont Chaban Delmas Bordeaux/Info.plist";
				IPHONEOS_DEPLOYMENT_TARGET = 9.0;
				LD_RUNPATH_SEARCH_PATHS = "$(inherited) @executable_path/Frameworks";
				LIBRARY_SEARCH_PATHS = "$(PROJECT_DIR)";
				OTHER_LDFLAGS = "$(inherited)";
				PRODUCT_BUNDLE_IDENTIFIER = com.yourappnow.26488;
				PRODUCT_NAME = "$(TARGET_NAME)";
				PROVISIONING_PROFILE = "";
				PROVISIONING_PROFILE_SPECIFIER = "";
				TARGETED_DEVICE_FAMILY = 1;
			};
			name = Release;
		};
		1633E9B61A725720005B63A6 /* Debug */ = {
			isa = XCBuildConfiguration;
			baseConfigurationReference = C52EB04C1A01346675FE46D7 /* Pods-Le Pont Chaban Delmas BordeauxTests.debug.xcconfig */;
			buildSettings = {
				BUNDLE_LOADER = "$(TEST_HOST)";
				"CODE_SIGN_IDENTITY[sdk=iphoneos*]" = "iPhone Developer";
				DEVELOPMENT_TEAM = P28L6TZ54T;
				FRAMEWORK_SEARCH_PATHS = (
					"$(SDKROOT)/Developer/Library/Frameworks",
					"$(inherited)",
				);
				GCC_PREPROCESSOR_DEFINITIONS = (
					"DEBUG=1",
					"$(inherited)",
				);
				INFOPLIST_FILE = "Le Pont Chaban Delmas BordeauxTests/Info.plist";
				LD_RUNPATH_SEARCH_PATHS = "$(inherited) @executable_path/Frameworks @loader_path/Frameworks";
				PRODUCT_BUNDLE_IDENTIFIER = "italikdesign.$(PRODUCT_NAME:rfc1034identifier)";
				PRODUCT_NAME = "$(TARGET_NAME)";
				TEST_HOST = "$(BUILT_PRODUCTS_DIR)/Le Pont Chaban Delmas Bordeaux.app/Le Pont Chaban Delmas Bordeaux";
			};
			name = Debug;
		};
		1633E9B71A725720005B63A6 /* Release */ = {
			isa = XCBuildConfiguration;
			baseConfigurationReference = 1364EAB8DA356848A9745B61 /* Pods-Le Pont Chaban Delmas BordeauxTests.release.xcconfig */;
			buildSettings = {
				BUNDLE_LOADER = "$(TEST_HOST)";
				"CODE_SIGN_IDENTITY[sdk=iphoneos*]" = "iPhone Developer";
				DEVELOPMENT_TEAM = P28L6TZ54T;
				FRAMEWORK_SEARCH_PATHS = (
					"$(SDKROOT)/Developer/Library/Frameworks",
					"$(inherited)",
				);
				INFOPLIST_FILE = "Le Pont Chaban Delmas BordeauxTests/Info.plist";
				LD_RUNPATH_SEARCH_PATHS = "$(inherited) @executable_path/Frameworks @loader_path/Frameworks";
				PRODUCT_BUNDLE_IDENTIFIER = "italikdesign.$(PRODUCT_NAME:rfc1034identifier)";
				PRODUCT_NAME = "$(TARGET_NAME)";
				TEST_HOST = "$(BUILT_PRODUCTS_DIR)/Le Pont Chaban Delmas Bordeaux.app/Le Pont Chaban Delmas Bordeaux";
			};
			name = Release;
		};
/* End XCBuildConfiguration section */

/* Begin XCConfigurationList section */
		1633E98A1A72571F005B63A6 /* Build configuration list for PBXProject "Le Pont Chaban Delmas Bordeaux" */ = {
			isa = XCConfigurationList;
			buildConfigurations = (
				1633E9B01A725720005B63A6 /* Debug */,
				1633E9B11A725720005B63A6 /* Release */,
			);
			defaultConfigurationIsVisible = 0;
			defaultConfigurationName = Release;
		};
		1633E9B21A725720005B63A6 /* Build configuration list for PBXNativeTarget "Le Pont Chaban Delmas Bordeaux" */ = {
			isa = XCConfigurationList;
			buildConfigurations = (
				1633E9B31A725720005B63A6 /* Debug */,
				1633E9B41A725720005B63A6 /* Release */,
			);
			defaultConfigurationIsVisible = 0;
			defaultConfigurationName = Release;
		};
		1633E9B51A725720005B63A6 /* Build configuration list for PBXNativeTarget "Le Pont Chaban Delmas BordeauxTests" */ = {
			isa = XCConfigurationList;
			buildConfigurations = (
				1633E9B61A725720005B63A6 /* Debug */,
				1633E9B71A725720005B63A6 /* Release */,
			);
			defaultConfigurationIsVisible = 0;
			defaultConfigurationName = Release;
		};
/* End XCConfigurationList section */
	};
	rootObject = 1633E9871A72571F005B63A6 /* Project object */;
}
